
Microsoft Visual Studio Solution File, Format Version 12.00
# Visual Studio Version 17
VisualStudioVersion = 17.7.34221.43
MinimumVisualStudioVersion = 10.0.40219.1
Project("{888888A0-9F3D-457C-B088-3A5042F75D52}") = "Python1", "Python1.pyproj", "{ABDA5A64-2388-4BD2-9F7D-E25990C5D36B}"
EndProject
Global
	GlobalSection(SolutionConfigurationPlatforms) = preSolution
		Debug|Any CPU = Debug|Any CPU
		Release|Any CPU = Release|Any CPU
	EndGlobalSection
	GlobalSection(ProjectConfigurationPlatforms) = postSolution
		{ABDA5A64-2388-4BD2-9F7D-E25990C5D36B}.Debug|Any CPU.ActiveCfg = Debug|Any CPU
		{ABDA5A64-2388-4BD2-9F7D-E25990C5D36B}.Release|Any CPU.ActiveCfg = Release|Any CPU
	EndGlobalSection
	GlobalSection(SolutionProperties) = preSolution
		HideSolutionNode = FALSE
	EndGlobalSection
	GlobalSection(ExtensibilityGlobals) = postSolution
		SolutionGuid = {5687DAE2-EA7C-4A40-A9FB-42B043FEBBEE}
	EndGlobalSection
EndGlobal
